
Microsoft Visual Studio Solution File, Format Version 12.00
# Visual Studio 14
VisualStudioVersion = 14.0.23107.0
MinimumVisualStudioVersion = 10.0.40219.1
Project("{2150E333-8FDC-42A3-9474-1A3956D46DE8}") = "src", "src", "{6E3985DF-9675-4B2C-B8B2-5DB34E78830A}"
EndProject
Project("{2150E333-8FDC-42A3-9474-1A3956D46DE8}") = "Solution Items", "Solution Items", "{B6A7481D-EF08-475D-8553-83983CC5AB75}"
	ProjectSection(SolutionItems) = preProject
		global.json = global.json
	EndProjectSection
EndProject
Project("{8BB2217D-0F2D-49D1-97BC-3654ED321F3B}") = "SignalRedisBugRepro.vNext", "src\SignalRedisBugRepro.vNext\SignalRedisBugRepro.vNext.xproj", "{B28E9FBC-22EE-4016-A0E1-A5F6407E65F2}"
EndProject
Global
	GlobalSection(SolutionConfigurationPlatforms) = preSolution
		Debug|Any CPU = Debug|Any CPU
		Release|Any CPU = Release|Any CPU
	EndGlobalSection
	GlobalSection(ProjectConfigurationPlatforms) = postSolution
		{B28E9FBC-22EE-4016-A0E1-A5F6407E65F2}.Debug|Any CPU.ActiveCfg = Debug|Any CPU
		{B28E9FBC-22EE-4016-A0E1-A5F6407E65F2}.Debug|Any CPU.Build.0 = Debug|Any CPU
		{B28E9FBC-22EE-4016-A0E1-A5F6407E65F2}.Release|Any CPU.ActiveCfg = Release|Any CPU
		{B28E9FBC-22EE-4016-A0E1-A5F6407E65F2}.Release|Any CPU.Build.0 = Release|Any CPU
	EndGlobalSection
	GlobalSection(SolutionProperties) = preSolution
		HideSolutionNode = FALSE
	EndGlobalSection
	GlobalSection(NestedProjects) = preSolution
		{B28E9FBC-22EE-4016-A0E1-A5F6407E65F2} = {6E3985DF-9675-4B2C-B8B2-5DB34E78830A}
	EndGlobalSection
EndGlobal
